
Microsoft Visual Studio Solution File, Format Version 12.00
# Visual Studio Version 17
VisualStudioVersion = 17.4.33213.308
MinimumVisualStudioVersion = 10.0.40219.1
Project("{FAE04EC0-301F-11D3-BF4B-00C04F79EFBC}") = "WPF-Demo", "WPF-Demo\WPF-Demo.csproj", "{BC3E8DA6-EEF5-49A5-84D9-36572F41D1A6}"
EndProject
Global
	GlobalSection(SolutionConfigurationPlatforms) = preSolution
		Debug|Any CPU = Debug|Any CPU
		Release|Any CPU = Release|Any CPU
	EndGlobalSection
	GlobalSection(ProjectConfigurationPlatforms) = postSolution
		{BC3E8DA6-EEF5-49A5-84D9-36572F41D1A6}.Debug|Any CPU.ActiveCfg = Debug|Any CPU
		{BC3E8DA6-EEF5-49A5-84D9-36572F41D1A6}.Debug|Any CPU.Build.0 = Debug|Any CPU
		{BC3E8DA6-EEF5-49A5-84D9-36572F41D1A6}.Release|Any CPU.ActiveCfg = Release|Any CPU
		{BC3E8DA6-EEF5-49A5-84D9-36572F41D1A6}.Release|Any CPU.Build.0 = Release|Any CPU
	EndGlobalSection
	GlobalSection(SolutionProperties) = preSolution
		HideSolutionNode = FALSE
	EndGlobalSection
	GlobalSection(ExtensibilityGlobals) = postSolution
		SolutionGuid = {BC1177E7-041C-408E-A3F9-EA8A731C3150}
	EndGlobalSection
EndGlobal
